
Microsoft Visual Studio Solution File, Format Version 12.00
# Visual Studio 15
VisualStudioVersion = 15.0.28307.572
MinimumVisualStudioVersion = 10.0.40219.1
Project("{888888A0-9F3D-457C-B088-3A5042F75D52}") = "BlueStacksADB", "BlueStacksADB\BlueStacksADB.pyproj", "{1D70FED2-1983-4351-9B6F-9590E70BE5D1}"
EndProject
Global
	GlobalSection(SolutionConfigurationPlatforms) = preSolution
		Debug|Any CPU = Debug|Any CPU
		Release|Any CPU = Release|Any CPU
	EndGlobalSection
	GlobalSection(ProjectConfigurationPlatforms) = postSolution
		{1D70FED2-1983-4351-9B6F-9590E70BE5D1}.Debug|Any CPU.ActiveCfg = Debug|Any CPU
		{1D70FED2-1983-4351-9B6F-9590E70BE5D1}.Release|Any CPU.ActiveCfg = Release|Any CPU
	EndGlobalSection
	GlobalSection(SolutionProperties) = preSolution
		HideSolutionNode = FALSE
	EndGlobalSection
	GlobalSection(ExtensibilityGlobals) = postSolution
		SolutionGuid = {9645F5D6-262A-4FF5-AC89-7E0FBA35DE05}
	EndGlobalSection
EndGlobal
